
Microsoft Visual Studio Solution File, Format Version 12.00
# Visual Studio Version 16
VisualStudioVersion = 16.0.31410.357
MinimumVisualStudioVersion = 10.0.40219.1
Project("{FAE04EC0-301F-11D3-BF4B-00C04F79EFBC}") = "IdadeEmDias", "IdadeEmDias\IdadeEmDias.csproj", "{1DF4D34D-205E-4DC1-8F90-274C35F54BBE}"
EndProject
Global
	GlobalSection(SolutionConfigurationPlatforms) = preSolution
		Debug|Any CPU = Debug|Any CPU
		Release|Any CPU = Release|Any CPU
	EndGlobalSection
	GlobalSection(ProjectConfigurationPlatforms) = postSolution
		{1DF4D34D-205E-4DC1-8F90-274C35F54BBE}.Debug|Any CPU.ActiveCfg = Debug|Any CPU
		{1DF4D34D-205E-4DC1-8F90-274C35F54BBE}.Debug|Any CPU.Build.0 = Debug|Any CPU
		{1DF4D34D-205E-4DC1-8F90-274C35F54BBE}.Release|Any CPU.ActiveCfg = Release|Any CPU
		{1DF4D34D-205E-4DC1-8F90-274C35F54BBE}.Release|Any CPU.Build.0 = Release|Any CPU
	EndGlobalSection
	GlobalSection(SolutionProperties) = preSolution
		HideSolutionNode = FALSE
	EndGlobalSection
	GlobalSection(ExtensibilityGlobals) = postSolution
		SolutionGuid = {DFA203C7-1DE3-4A16-9FE6-CDCFAE7ECDAF}
	EndGlobalSection
EndGlobal
